// !$*UTF8*$!
{
	archiveVersion = 1;
	classes = {
	};
	objectVersion = 54;
	objects = {

/* Begin PBXBuildFile section */
		00E356F31AD99517003FC87E /* SocialMediaTests.m in Sources */ = {isa = PBXBuildFile; fileRef = 00E356F21AD99517003FC87E /* SocialMediaTests.m */; };
		0C80B921A6F3F58F76C31292 /* libPods-SocialMedia.a in Frameworks */ = {isa = PBXBuildFile; fileRef = 5DCACB8F33CDC322A6C60F78 /* libPods-SocialMedia.a */; };
		13B07FBC1A68108700A75B9A /* AppDelegate.mm in Sources */ = {isa = PBXBuildFile; fileRef = 13B07FB01A68108700A75B9A /* AppDelegate.mm */; };
		13B07FBF1A68108700A75B9A /* Images.xcassets in Resources */ = {isa = PBXBuildFile; fileRef = 13B07FB51A68108700A75B9A /* Images.xcassets */; };
		13B07FC11A68108700A75B9A /* main.m in Sources */ = {isa = PBXBuildFile; fileRef = 13B07FB71A68108700A75B9A /* main.m */; };
		7699B88040F8A987B510C191 /* libPods-SocialMedia-SocialMediaTests.a in Frameworks */ = {isa = PBXBuildFile; fileRef = 19F6CBCC0A4E27FBF8BF4A61 /* libPods-SocialMedia-SocialMediaTests.a */; };
		81AB9BB82411601600AC10FF /* LaunchScreen.storyboard in Resources */ = {isa = PBXBuildFile; fileRef = 81AB9BB72411601600AC10FF /* LaunchScreen.storyboard */; };
		310B75FA93C148659C018CA2 /* Inter_18pt-Black.ttf in Resources */ = {isa = PBXBuildFile; fileRef = 4854C11D5C3E40F29285B12F /* Inter_18pt-Black.ttf */; };
		28B713E84198493BB4D434E7 /* Inter_18pt-BlackItalic.ttf in Resources */ = {isa = PBXBuildFile; fileRef = 39B7A850D53D427AB4EDFBF4 /* Inter_18pt-BlackItalic.ttf */; };
		80AD409C218A4FE1ABAA5B24 /* Inter_18pt-Bold.ttf in Resources */ = {isa = PBXBuildFile; fileRef = 6C427497CB49436291D45D00 /* Inter_18pt-Bold.ttf */; };
		5233EB3706A5405A95B7F35C /* Inter_18pt-BoldItalic.ttf in Resources */ = {isa = PBXBuildFile; fileRef = 43F2BC1B1A384033BCF52B05 /* Inter_18pt-BoldItalic.ttf */; };
		20478923716A4B2E9A7E8DFB /* Inter_18pt-ExtraBold.ttf in Resources */ = {isa = PBXBuildFile; fileRef = DEA051AC83C742618CBEBD58 /* Inter_18pt-ExtraBold.ttf */; };
		75556EE71EDA4AE89F1FDAD9 /* Inter_18pt-ExtraBoldItalic.ttf in Resources */ = {isa = PBXBuildFile; fileRef = 59568131C15542B483BBC659 /* Inter_18pt-ExtraBoldItalic.ttf */; };
		A585C8765C7643D1BF474DFD /* Inter_18pt-ExtraLight.ttf in Resources */ = {isa = PBXBuildFile; fileRef = 5044F710478546B99E04E79E /* Inter_18pt-ExtraLight.ttf */; };
		FA4BA183C0894F38BB3365CC /* Inter_18pt-ExtraLightItalic.ttf in Resources */ = {isa = PBXBuildFile; fileRef = 3991DFB7384F4E41ADE53D0A /* Inter_18pt-ExtraLightItalic.ttf */; };
		67D781283AB04CE5A1049563 /* Inter_18pt-Italic.ttf in Resources */ = {isa = PBXBuildFile; fileRef = 86479175728B46E0845B2B69 /* Inter_18pt-Italic.ttf */; };
		F34E03677BF94892824B2A1A /* Inter_18pt-Light.ttf in Resources */ = {isa = PBXBuildFile; fileRef = 7207087D09DF410BACA84BB8 /* Inter_18pt-Light.ttf */; };
		0728D0D0841643B791BA534A /* Inter_18pt-LightItalic.ttf in Resources */ = {isa = PBXBuildFile; fileRef = E6306C10397E420B99BF70E3 /* Inter_18pt-LightItalic.ttf */; };
		5DCB60CDF6264B5CBB0A67C1 /* Inter_18pt-Medium.ttf in Resources */ = {isa = PBXBuildFile; fileRef = EEA1287C1A6A447E950DF0BF /* Inter_18pt-Medium.ttf */; };
		809E411B0A9C4D1A9C5D1B33 /* Inter_18pt-MediumItalic.ttf in Resources */ = {isa = PBXBuildFile; fileRef = 37C74D3BC9C3460BBAB5AF16 /* Inter_18pt-MediumItalic.ttf */; };
		36544D0D675541FF8CF5122B /* Inter_18pt-Regular.ttf in Resources */ = {isa = PBXBuildFile; fileRef = 89E6E53BF4A74D0B8818FF10 /* Inter_18pt-Regular.ttf */; };
		B9D1146865DD4953AAC574A2 /* Inter_18pt-SemiBold.ttf in Resources */ = {isa = PBXBuildFile; fileRef = DE88AEE0095D4D8E976630B2 /* Inter_18pt-SemiBold.ttf */; };
		CDD52C775FC34C0E9DA49B57 /* Inter_18pt-SemiBoldItalic.ttf in Resources */ = {isa = PBXBuildFile; fileRef = 9C14DA91D37F4B1CA824DFAB /* Inter_18pt-SemiBoldItalic.ttf */; };
		9A865FBD3F204BF1B3271305 /* Inter_18pt-Thin.ttf in Resources */ = {isa = PBXBuildFile; fileRef = 0BD1E3E7B1BF49C2AE3F71FF /* Inter_18pt-Thin.ttf */; };
		6CF85D2B1CBD41C2ACE23586 /* Inter_18pt-ThinItalic.ttf in Resources */ = {isa = PBXBuildFile; fileRef = 28904A82A6EC4186B8D074D3 /* Inter_18pt-ThinItalic.ttf */; };
		0F83F1F25E8B43A6B5705F55 /* Inter_24pt-Black.ttf in Resources */ = {isa = PBXBuildFile; fileRef = 585E4BD092B9407BA581A8E4 /* Inter_24pt-Black.ttf */; };
		0CB4BBAADBAC47A58A1D626E /* Inter_24pt-BlackItalic.ttf in Resources */ = {isa = PBXBuildFile; fileRef = F8F0773E7A1E41FBACDE9BC4 /* Inter_24pt-BlackItalic.ttf */; };
		A4AA2483D5174A09BE273EA4 /* Inter_24pt-Bold.ttf in Resources */ = {isa = PBXBuildFile; fileRef = 3FE6301600894A8E9C6F8D02 /* Inter_24pt-Bold.ttf */; };
		0AB11E44465E47778579C32C /* Inter_24pt-BoldItalic.ttf in Resources */ = {isa = PBXBuildFile; fileRef = 18A2FFA2B5574D918A07BAC7 /* Inter_24pt-BoldItalic.ttf */; };
		6FCE8741B3B94550AACBE5B8 /* Inter_24pt-ExtraBold.ttf in Resources */ = {isa = PBXBuildFile; fileRef = DB90151BF06F4CAFA316D011 /* Inter_24pt-ExtraBold.ttf */; };
		679E5DE48BCB424397B7F4C7 /* Inter_24pt-ExtraBoldItalic.ttf in Resources */ = {isa = PBXBuildFile; fileRef = 91695A6227234924B1EEB052 /* Inter_24pt-ExtraBoldItalic.ttf */; };
		68C9938BD96A46159ECD6CC0 /* Inter_24pt-ExtraLight.ttf in Resources */ = {isa = PBXBuildFile; fileRef = F20388EEF69E4312A1CD2799 /* Inter_24pt-ExtraLight.ttf */; };
		CC5FE66AC97E40C5A1A300B7 /* Inter_24pt-ExtraLightItalic.ttf in Resources */ = {isa = PBXBuildFile; fileRef = 9CAD4415018942E28DD03EE2 /* Inter_24pt-ExtraLightItalic.ttf */; };
		5A97D650BFEF40C088E1C985 /* Inter_24pt-Italic.ttf in Resources */ = {isa = PBXBuildFile; fileRef = FEAD75D37BB249818AC5933D /* Inter_24pt-Italic.ttf */; };
		A0FBDE8BED19478CB17EE9FE /* Inter_24pt-Light.ttf in Resources */ = {isa = PBXBuildFile; fileRef = D4E35CBD53F049B784292848 /* Inter_24pt-Light.ttf */; };
		BA5B994F345643A2AAAEE340 /* Inter_24pt-LightItalic.ttf in Resources */ = {isa = PBXBuildFile; fileRef = 710866706E7044CBB06CC113 /* Inter_24pt-LightItalic.ttf */; };
		3B68D8A4FC9C4742AE4F315A /* Inter_24pt-Medium.ttf in Resources */ = {isa = PBXBuildFile; fileRef = A5C211CBDCB3443CB45A2F1F /* Inter_24pt-Medium.ttf */; };
		459E0BA374614030B2F8DBC1 /* Inter_24pt-MediumItalic.ttf in Resources */ = {isa = PBXBuildFile; fileRef = 59414681804A49A4B54560BD /* Inter_24pt-MediumItalic.ttf */; };
		7F5A2D5691594D7AA9767229 /* Inter_24pt-Regular.ttf in Resources */ = {isa = PBXBuildFile; fileRef = 87707EFB9D1746209F2981A5 /* Inter_24pt-Regular.ttf */; };
		71E516385826450CACFAFFE6 /* Inter_24pt-SemiBold.ttf in Resources */ = {isa = PBXBuildFile; fileRef = 188BB456AC2F4FACBD688B01 /* Inter_24pt-SemiBold.ttf */; };
		8E824AF0A2684789AC3F7FA5 /* Inter_24pt-SemiBoldItalic.ttf in Resources */ = {isa = PBXBuildFile; fileRef = 442928A18443464AB3CE8DF3 /* Inter_24pt-SemiBoldItalic.ttf */; };
		2583E46345584618A57244DC /* Inter_24pt-Thin.ttf in Resources */ = {isa = PBXBuildFile; fileRef = 31D2F9D57CA84B0F8303DC18 /* Inter_24pt-Thin.ttf */; };
		E6559B5C830E49FD91B224F5 /* Inter_24pt-ThinItalic.ttf in Resources */ = {isa = PBXBuildFile; fileRef = F0B8480871DE49DDA1E3B11E /* Inter_24pt-ThinItalic.ttf */; };
		22C2CF91C56347818356DCBB /* Inter_28pt-Black.ttf in Resources */ = {isa = PBXBuildFile; fileRef = 44DA7F08D10249588E4D5551 /* Inter_28pt-Black.ttf */; };
		B955BE17DEB441E4B7D34967 /* Inter_28pt-BlackItalic.ttf in Resources */ = {isa = PBXBuildFile; fileRef = D9389B96F8C14E2184B7E34C /* Inter_28pt-BlackItalic.ttf */; };
		D1136797C3F84ED888B0E4D0 /* Inter_28pt-Bold.ttf in Resources */ = {isa = PBXBuildFile; fileRef = AE0939BBEEDE4399854E5F2E /* Inter_28pt-Bold.ttf */; };
		658D8F18E238443499379994 /* Inter_28pt-BoldItalic.ttf in Resources */ = {isa = PBXBuildFile; fileRef = 01070E966BA148A69EB4C9D2 /* Inter_28pt-BoldItalic.ttf */; };
		5A268DF0BAC34103A412C0B2 /* Inter_28pt-ExtraBold.ttf in Resources */ = {isa = PBXBuildFile; fileRef = D836910425CF4145A0F333B2 /* Inter_28pt-ExtraBold.ttf */; };
		36745977575844B598FCEF28 /* Inter_28pt-ExtraBoldItalic.ttf in Resources */ = {isa = PBXBuildFile; fileRef = E509F02D844A4205AB6CD15E /* Inter_28pt-ExtraBoldItalic.ttf */; };
		B6ED4AF751F244598F1DE70B /* Inter_28pt-ExtraLight.ttf in Resources */ = {isa = PBXBuildFile; fileRef = B67DD570075C40EC95DE97D3 /* Inter_28pt-ExtraLight.ttf */; };
		1E74528F7CB344F2B051C154 /* Inter_28pt-ExtraLightItalic.ttf in Resources */ = {isa = PBXBuildFile; fileRef = 5105266176E64219815423E0 /* Inter_28pt-ExtraLightItalic.ttf */; };
		B3E3591912644911ADE814D2 /* Inter_28pt-Italic.ttf in Resources */ = {isa = PBXBuildFile; fileRef = 04030A86041B4ACD9E4CEEB6 /* Inter_28pt-Italic.ttf */; };
		22D634463F064319B98E07B1 /* Inter_28pt-Light.ttf in Resources */ = {isa = PBXBuildFile; fileRef = A8287BF6B511420FAA067BC2 /* Inter_28pt-Light.ttf */; };
		7854BDD5CDC74DCF95C3FB0B /* Inter_28pt-LightItalic.ttf in Resources */ = {isa = PBXBuildFile; fileRef = 1FC088CBD0EB4FFC83620F99 /* Inter_28pt-LightItalic.ttf */; };
		B966C17A03C14E4FAB21C6F9 /* Inter_28pt-Medium.ttf in Resources */ = {isa = PBXBuildFile; fileRef = FCD1AA584D2D4547A0743432 /* Inter_28pt-Medium.ttf */; };
		75582723D87743FDB3627BB9 /* Inter_28pt-MediumItalic.ttf in Resources */ = {isa = PBXBuildFile; fileRef = 1C127C8C352B4300A44215BF /* Inter_28pt-MediumItalic.ttf */; };
		D22CBAFDA5C248B7AFFC476A /* Inter_28pt-Regular.ttf in Resources */ = {isa = PBXBuildFile; fileRef = 64172AF99B2A40F9A978B987 /* Inter_28pt-Regular.ttf */; };
		BF874A333F514C68BD3339A6 /* Inter_28pt-SemiBold.ttf in Resources */ = {isa = PBXBuildFile; fileRef = 5EF70D45FDEE45E3A0A215D5 /* Inter_28pt-SemiBold.ttf */; };
		070354B139504438BCF7A9F5 /* Inter_28pt-SemiBoldItalic.ttf in Resources */ = {isa = PBXBuildFile; fileRef = 5785D26CA0C1406DA0DC6B23 /* Inter_28pt-SemiBoldItalic.ttf */; };
		837EDFE0BF6F4078815C42F5 /* Inter_28pt-Thin.ttf in Resources */ = {isa = PBXBuildFile; fileRef = 56642766E70548FDA0EE49BB /* Inter_28pt-Thin.ttf */; };
		655F4CF9794A4871BAD126FC /* Inter_28pt-ThinItalic.ttf in Resources */ = {isa = PBXBuildFile; fileRef = 64B73D44AC804660BB5B9C7B /* Inter_28pt-ThinItalic.ttf */; };
/* End PBXBuildFile section */

/* Begin PBXContainerItemProxy section */
		00E356F41AD99517003FC87E /* PBXContainerItemProxy */ = {
			isa = PBXContainerItemProxy;
			containerPortal = 83CBB9F71A601CBA00E9B192 /* Project object */;
			proxyType = 1;
			remoteGlobalIDString = 13B07F861A680F5B00A75B9A;
			remoteInfo = SocialMedia;
		};
/* End PBXContainerItemProxy section */

/* Begin PBXFileReference section */
		00E356EE1AD99517003FC87E /* SocialMediaTests.xctest */ = {isa = PBXFileReference; explicitFileType = wrapper.cfbundle; includeInIndex = 0; path = SocialMediaTests.xctest; sourceTree = BUILT_PRODUCTS_DIR; };
		00E356F11AD99517003FC87E /* Info.plist */ = {isa = PBXFileReference; lastKnownFileType = text.plist.xml; path = Info.plist; sourceTree = "<group>"; };
		00E356F21AD99517003FC87E /* SocialMediaTests.m */ = {isa = PBXFileReference; lastKnownFileType = sourcecode.c.objc; path = SocialMediaTests.m; sourceTree = "<group>"; };
		13B07F961A680F5B00A75B9A /* SocialMedia.app */ = {isa = PBXFileReference; explicitFileType = wrapper.application; includeInIndex = 0; path = SocialMedia.app; sourceTree = BUILT_PRODUCTS_DIR; };
		13B07FAF1A68108700A75B9A /* AppDelegate.h */ = {isa = PBXFileReference; fileEncoding = 4; lastKnownFileType = sourcecode.c.h; name = AppDelegate.h; path = SocialMedia/AppDelegate.h; sourceTree = "<group>"; };
		13B07FB01A68108700A75B9A /* AppDelegate.mm */ = {isa = PBXFileReference; fileEncoding = 4; lastKnownFileType = sourcecode.cpp.objcpp; name = AppDelegate.mm; path = SocialMedia/AppDelegate.mm; sourceTree = "<group>"; };
		13B07FB51A68108700A75B9A /* Images.xcassets */ = {isa = PBXFileReference; lastKnownFileType = folder.assetcatalog; name = Images.xcassets; path = SocialMedia/Images.xcassets; sourceTree = "<group>"; };
		13B07FB61A68108700A75B9A /* Info.plist */ = {isa = PBXFileReference; fileEncoding = 4; lastKnownFileType = text.plist.xml; name = Info.plist; path = SocialMedia/Info.plist; sourceTree = "<group>"; };
		13B07FB71A68108700A75B9A /* main.m */ = {isa = PBXFileReference; fileEncoding = 4; lastKnownFileType = sourcecode.c.objc; name = main.m; path = SocialMedia/main.m; sourceTree = "<group>"; };
		13B07FB81A68108700A75B9A /* PrivacyInfo.xcprivacy */ = {isa = PBXFileReference; fileEncoding = 4; lastKnownFileType = text.plist.xml; name = PrivacyInfo.xcprivacy; path = SocialMedia/PrivacyInfo.xcprivacy; sourceTree = "<group>"; };
		19F6CBCC0A4E27FBF8BF4A61 /* libPods-SocialMedia-SocialMediaTests.a */ = {isa = PBXFileReference; explicitFileType = archive.ar; includeInIndex = 0; path = "libPods-SocialMedia-SocialMediaTests.a"; sourceTree = BUILT_PRODUCTS_DIR; };
		3B4392A12AC88292D35C810B /* Pods-SocialMedia.debug.xcconfig */ = {isa = PBXFileReference; includeInIndex = 1; lastKnownFileType = text.xcconfig; name = "Pods-SocialMedia.debug.xcconfig"; path = "Target Support Files/Pods-SocialMedia/Pods-SocialMedia.debug.xcconfig"; sourceTree = "<group>"; };
		5709B34CF0A7D63546082F79 /* Pods-SocialMedia.release.xcconfig */ = {isa = PBXFileReference; includeInIndex = 1; lastKnownFileType = text.xcconfig; name = "Pods-SocialMedia.release.xcconfig"; path = "Target Support Files/Pods-SocialMedia/Pods-SocialMedia.release.xcconfig"; sourceTree = "<group>"; };
		5B7EB9410499542E8C5724F5 /* Pods-SocialMedia-SocialMediaTests.debug.xcconfig */ = {isa = PBXFileReference; includeInIndex = 1; lastKnownFileType = text.xcconfig; name = "Pods-SocialMedia-SocialMediaTests.debug.xcconfig"; path = "Target Support Files/Pods-SocialMedia-SocialMediaTests/Pods-SocialMedia-SocialMediaTests.debug.xcconfig"; sourceTree = "<group>"; };
		5DCACB8F33CDC322A6C60F78 /* libPods-SocialMedia.a */ = {isa = PBXFileReference; explicitFileType = archive.ar; includeInIndex = 0; path = "libPods-SocialMedia.a"; sourceTree = BUILT_PRODUCTS_DIR; };
		81AB9BB72411601600AC10FF /* LaunchScreen.storyboard */ = {isa = PBXFileReference; fileEncoding = 4; lastKnownFileType = file.storyboard; name = LaunchScreen.storyboard; path = SocialMedia/LaunchScreen.storyboard; sourceTree = "<group>"; };
		89C6BE57DB24E9ADA2F236DE /* Pods-SocialMedia-SocialMediaTests.release.xcconfig */ = {isa = PBXFileReference; includeInIndex = 1; lastKnownFileType = text.xcconfig; name = "Pods-SocialMedia-SocialMediaTests.release.xcconfig"; path = "Target Support Files/Pods-SocialMedia-SocialMediaTests/Pods-SocialMedia-SocialMediaTests.release.xcconfig"; sourceTree = "<group>"; };
		ED297162215061F000B7C4FE /* JavaScriptCore.framework */ = {isa = PBXFileReference; lastKnownFileType = wrapper.framework; name = JavaScriptCore.framework; path = System/Library/Frameworks/JavaScriptCore.framework; sourceTree = SDKROOT; };
		4854C11D5C3E40F29285B12F /* Inter_18pt-Black.ttf */ = {isa = PBXFileReference; name = "Inter_18pt-Black.ttf"; path = "../assets/fonts/Inter_18pt-Black.ttf"; sourceTree = "<group>"; fileEncoding = undefined; lastKnownFileType = unknown; explicitFileType = undefined; includeInIndex = 0; };
		39B7A850D53D427AB4EDFBF4 /* Inter_18pt-BlackItalic.ttf */ = {isa = PBXFileReference; name = "Inter_18pt-BlackItalic.ttf"; path = "../assets/fonts/Inter_18pt-BlackItalic.ttf"; sourceTree = "<group>"; fileEncoding = undefined; lastKnownFileType = unknown; explicitFileType = undefined; includeInIndex = 0; };
		6C427497CB49436291D45D00 /* Inter_18pt-Bold.ttf */ = {isa = PBXFileReference; name = "Inter_18pt-Bold.ttf"; path = "../assets/fonts/Inter_18pt-Bold.ttf"; sourceTree = "<group>"; fileEncoding = undefined; lastKnownFileType = unknown; explicitFileType = undefined; includeInIndex = 0; };
		43F2BC1B1A384033BCF52B05 /* Inter_18pt-BoldItalic.ttf */ = {isa = PBXFileReference; name = "Inter_18pt-BoldItalic.ttf"; path = "../assets/fonts/Inter_18pt-BoldItalic.ttf"; sourceTree = "<group>"; fileEncoding = undefined; lastKnownFileType = unknown; explicitFileType = undefined; includeInIndex = 0; };
		DEA051AC83C742618CBEBD58 /* Inter_18pt-ExtraBold.ttf */ = {isa = PBXFileReference; name = "Inter_18pt-ExtraBold.ttf"; path = "../assets/fonts/Inter_18pt-ExtraBold.ttf"; sourceTree = "<group>"; fileEncoding = undefined; lastKnownFileType = unknown; explicitFileType = undefined; includeInIndex = 0; };
		59568131C15542B483BBC659 /* Inter_18pt-ExtraBoldItalic.ttf */ = {isa = PBXFileReference; name = "Inter_18pt-ExtraBoldItalic.ttf"; path = "../assets/fonts/Inter_18pt-ExtraBoldItalic.ttf"; sourceTree = "<group>"; fileEncoding = undefined; lastKnownFileType = unknown; explicitFileType = undefined; includeInIndex = 0; };
		5044F710478546B99E04E79E /* Inter_18pt-ExtraLight.ttf */ = {isa = PBXFileReference; name = "Inter_18pt-ExtraLight.ttf"; path = "../assets/fonts/Inter_18pt-ExtraLight.ttf"; sourceTree = "<group>"; fileEncoding = undefined; lastKnownFileType = unknown; explicitFileType = undefined; includeInIndex = 0; };
		3991DFB7384F4E41ADE53D0A /* Inter_18pt-ExtraLightItalic.ttf */ = {isa = PBXFileReference; name = "Inter_18pt-ExtraLightItalic.ttf"; path = "../assets/fonts/Inter_18pt-ExtraLightItalic.ttf"; sourceTree = "<group>"; fileEncoding = undefined; lastKnownFileType = unknown; explicitFileType = undefined; includeInIndex = 0; };
		86479175728B46E0845B2B69 /* Inter_18pt-Italic.ttf */ = {isa = PBXFileReference; name = "Inter_18pt-Italic.ttf"; path = "../assets/fonts/Inter_18pt-Italic.ttf"; sourceTree = "<group>"; fileEncoding = undefined; lastKnownFileType = unknown; explicitFileType = undefined; includeInIndex = 0; };
		7207087D09DF410BACA84BB8 /* Inter_18pt-Light.ttf */ = {isa = PBXFileReference; name = "Inter_18pt-Light.ttf"; path = "../assets/fonts/Inter_18pt-Light.ttf"; sourceTree = "<group>"; fileEncoding = undefined; lastKnownFileType = unknown; explicitFileType = undefined; includeInIndex = 0; };
		E6306C10397E420B99BF70E3 /* Inter_18pt-LightItalic.ttf */ = {isa = PBXFileReference; name = "Inter_18pt-LightItalic.ttf"; path = "../assets/fonts/Inter_18pt-LightItalic.ttf"; sourceTree = "<group>"; fileEncoding = undefined; lastKnownFileType = unknown; explicitFileType = undefined; includeInIndex = 0; };
		EEA1287C1A6A447E950DF0BF /* Inter_18pt-Medium.ttf */ = {isa = PBXFileReference; name = "Inter_18pt-Medium.ttf"; path = "../assets/fonts/Inter_18pt-Medium.ttf"; sourceTree = "<group>"; fileEncoding = undefined; lastKnownFileType = unknown; explicitFileType = undefined; includeInIndex = 0; };
		37C74D3BC9C3460BBAB5AF16 /* Inter_18pt-MediumItalic.ttf */ = {isa = PBXFileReference; name = "Inter_18pt-MediumItalic.ttf"; path = "../assets/fonts/Inter_18pt-MediumItalic.ttf"; sourceTree = "<group>"; fileEncoding = undefined; lastKnownFileType = unknown; explicitFileType = undefined; includeInIndex = 0; };
		89E6E53BF4A74D0B8818FF10 /* Inter_18pt-Regular.ttf */ = {isa = PBXFileReference; name = "Inter_18pt-Regular.ttf"; path = "../assets/fonts/Inter_18pt-Regular.ttf"; sourceTree = "<group>"; fileEncoding = undefined; lastKnownFileType = unknown; explicitFileType = undefined; includeInIndex = 0; };
		DE88AEE0095D4D8E976630B2 /* Inter_18pt-SemiBold.ttf */ = {isa = PBXFileReference; name = "Inter_18pt-SemiBold.ttf"; path = "../assets/fonts/Inter_18pt-SemiBold.ttf"; sourceTree = "<group>"; fileEncoding = undefined; lastKnownFileType = unknown; explicitFileType = undefined; includeInIndex = 0; };
		9C14DA91D37F4B1CA824DFAB /* Inter_18pt-SemiBoldItalic.ttf */ = {isa = PBXFileReference; name = "Inter_18pt-SemiBoldItalic.ttf"; path = "../assets/fonts/Inter_18pt-SemiBoldItalic.ttf"; sourceTree = "<group>"; fileEncoding = undefined; lastKnownFileType = unknown; explicitFileType = undefined; includeInIndex = 0; };
		0BD1E3E7B1BF49C2AE3F71FF /* Inter_18pt-Thin.ttf */ = {isa = PBXFileReference; name = "Inter_18pt-Thin.ttf"; path = "../assets/fonts/Inter_18pt-Thin.ttf"; sourceTree = "<group>"; fileEncoding = undefined; lastKnownFileType = unknown; explicitFileType = undefined; includeInIndex = 0; };
		28904A82A6EC4186B8D074D3 /* Inter_18pt-ThinItalic.ttf */ = {isa = PBXFileReference; name = "Inter_18pt-ThinItalic.ttf"; path = "../assets/fonts/Inter_18pt-ThinItalic.ttf"; sourceTree = "<group>"; fileEncoding = undefined; lastKnownFileType = unknown; explicitFileType = undefined; includeInIndex = 0; };
		585E4BD092B9407BA581A8E4 /* Inter_24pt-Black.ttf */ = {isa = PBXFileReference; name = "Inter_24pt-Black.ttf"; path = "../assets/fonts/Inter_24pt-Black.ttf"; sourceTree = "<group>"; fileEncoding = undefined; lastKnownFileType = unknown; explicitFileType = undefined; includeInIndex = 0; };
		F8F0773E7A1E41FBACDE9BC4 /* Inter_24pt-BlackItalic.ttf */ = {isa = PBXFileReference; name = "Inter_24pt-BlackItalic.ttf"; path = "../assets/fonts/Inter_24pt-BlackItalic.ttf"; sourceTree = "<group>"; fileEncoding = undefined; lastKnownFileType = unknown; explicitFileType = undefined; includeInIndex = 0; };
		3FE6301600894A8E9C6F8D02 /* Inter_24pt-Bold.ttf */ = {isa = PBXFileReference; name = "Inter_24pt-Bold.ttf"; path = "../assets/fonts/Inter_24pt-Bold.ttf"; sourceTree = "<group>"; fileEncoding = undefined; lastKnownFileType = unknown; explicitFileType = undefined; includeInIndex = 0; };
		18A2FFA2B5574D918A07BAC7 /* Inter_24pt-BoldItalic.ttf */ = {isa = PBXFileReference; name = "Inter_24pt-BoldItalic.ttf"; path = "../assets/fonts/Inter_24pt-BoldItalic.ttf"; sourceTree = "<group>"; fileEncoding = undefined; lastKnownFileType = unknown; explicitFileType = undefined; includeInIndex = 0; };
		DB90151BF06F4CAFA316D011 /* Inter_24pt-ExtraBold.ttf */ = {isa = PBXFileReference; name = "Inter_24pt-ExtraBold.ttf"; path = "../assets/fonts/Inter_24pt-ExtraBold.ttf"; sourceTree = "<group>"; fileEncoding = undefined; lastKnownFileType = unknown; explicitFileType = undefined; includeInIndex = 0; };
		91695A6227234924B1EEB052 /* Inter_24pt-ExtraBoldItalic.ttf */ = {isa = PBXFileReference; name = "Inter_24pt-ExtraBoldItalic.ttf"; path = "../assets/fonts/Inter_24pt-ExtraBoldItalic.ttf"; sourceTree = "<group>"; fileEncoding = undefined; lastKnownFileType = unknown; explicitFileType = undefined; includeInIndex = 0; };
		F20388EEF69E4312A1CD2799 /* Inter_24pt-ExtraLight.ttf */ = {isa = PBXFileReference; name = "Inter_24pt-ExtraLight.ttf"; path = "../assets/fonts/Inter_24pt-ExtraLight.ttf"; sourceTree = "<group>"; fileEncoding = undefined; lastKnownFileType = unknown; explicitFileType = undefined; includeInIndex = 0; };
		9CAD4415018942E28DD03EE2 /* Inter_24pt-ExtraLightItalic.ttf */ = {isa = PBXFileReference; name = "Inter_24pt-ExtraLightItalic.ttf"; path = "../assets/fonts/Inter_24pt-ExtraLightItalic.ttf"; sourceTree = "<group>"; fileEncoding = undefined; lastKnownFileType = unknown; explicitFileType = undefined; includeInIndex = 0; };
		FEAD75D37BB249818AC5933D /* Inter_24pt-Italic.ttf */ = {isa = PBXFileReference; name = "Inter_24pt-Italic.ttf"; path = "../assets/fonts/Inter_24pt-Italic.ttf"; sourceTree = "<group>"; fileEncoding = undefined; lastKnownFileType = unknown; explicitFileType = undefined; includeInIndex = 0; };
		D4E35CBD53F049B784292848 /* Inter_24pt-Light.ttf */ = {isa = PBXFileReference; name = "Inter_24pt-Light.ttf"; path = "../assets/fonts/Inter_24pt-Light.ttf"; sourceTree = "<group>"; fileEncoding = undefined; lastKnownFileType = unknown; explicitFileType = undefined; includeInIndex = 0; };
		710866706E7044CBB06CC113 /* Inter_24pt-LightItalic.ttf */ = {isa = PBXFileReference; name = "Inter_24pt-LightItalic.ttf"; path = "../assets/fonts/Inter_24pt-LightItalic.ttf"; sourceTree = "<group>"; fileEncoding = undefined; lastKnownFileType = unknown; explicitFileType = undefined; includeInIndex = 0; };
		A5C211CBDCB3443CB45A2F1F /* Inter_24pt-Medium.ttf */ = {isa = PBXFileReference; name = "Inter_24pt-Medium.ttf"; path = "../assets/fonts/Inter_24pt-Medium.ttf"; sourceTree = "<group>"; fileEncoding = undefined; lastKnownFileType = unknown; explicitFileType = undefined; includeInIndex = 0; };
		59414681804A49A4B54560BD /* Inter_24pt-MediumItalic.ttf */ = {isa = PBXFileReference; name = "Inter_24pt-MediumItalic.ttf"; path = "../assets/fonts/Inter_24pt-MediumItalic.ttf"; sourceTree = "<group>"; fileEncoding = undefined; lastKnownFileType = unknown; explicitFileType = undefined; includeInIndex = 0; };
		87707EFB9D1746209F2981A5 /* Inter_24pt-Regular.ttf */ = {isa = PBXFileReference; name = "Inter_24pt-Regular.ttf"; path = "../assets/fonts/Inter_24pt-Regular.ttf"; sourceTree = "<group>"; fileEncoding = undefined; lastKnownFileType = unknown; explicitFileType = undefined; includeInIndex = 0; };
		188BB456AC2F4FACBD688B01 /* Inter_24pt-SemiBold.ttf */ = {isa = PBXFileReference; name = "Inter_24pt-SemiBold.ttf"; path = "../assets/fonts/Inter_24pt-SemiBold.ttf"; sourceTree = "<group>"; fileEncoding = undefined; lastKnownFileType = unknown; explicitFileType = undefined; includeInIndex = 0; };
		442928A18443464AB3CE8DF3 /* Inter_24pt-SemiBoldItalic.ttf */ = {isa = PBXFileReference; name = "Inter_24pt-SemiBoldItalic.ttf"; path = "../assets/fonts/Inter_24pt-SemiBoldItalic.ttf"; sourceTree = "<group>"; fileEncoding = undefined; lastKnownFileType = unknown; explicitFileType = undefined; includeInIndex = 0; };
		31D2F9D57CA84B0F8303DC18 /* Inter_24pt-Thin.ttf */ = {isa = PBXFileReference; name = "Inter_24pt-Thin.ttf"; path = "../assets/fonts/Inter_24pt-Thin.ttf"; sourceTree = "<group>"; fileEncoding = undefined; lastKnownFileType = unknown; explicitFileType = undefined; includeInIndex = 0; };
		F0B8480871DE49DDA1E3B11E /* Inter_24pt-ThinItalic.ttf */ = {isa = PBXFileReference; name = "Inter_24pt-ThinItalic.ttf"; path = "../assets/fonts/Inter_24pt-ThinItalic.ttf"; sourceTree = "<group>"; fileEncoding = undefined; lastKnownFileType = unknown; explicitFileType = undefined; includeInIndex = 0; };
		44DA7F08D10249588E4D5551 /* Inter_28pt-Black.ttf */ = {isa = PBXFileReference; name = "Inter_28pt-Black.ttf"; path = "../assets/fonts/Inter_28pt-Black.ttf"; sourceTree = "<group>"; fileEncoding = undefined; lastKnownFileType = unknown; explicitFileType = undefined; includeInIndex = 0; };
		D9389B96F8C14E2184B7E34C /* Inter_28pt-BlackItalic.ttf */ = {isa = PBXFileReference; name = "Inter_28pt-BlackItalic.ttf"; path = "../assets/fonts/Inter_28pt-BlackItalic.ttf"; sourceTree = "<group>"; fileEncoding = undefined; lastKnownFileType = unknown; explicitFileType = undefined; includeInIndex = 0; };
		AE0939BBEEDE4399854E5F2E /* Inter_28pt-Bold.ttf */ = {isa = PBXFileReference; name = "Inter_28pt-Bold.ttf"; path = "../assets/fonts/Inter_28pt-Bold.ttf"; sourceTree = "<group>"; fileEncoding = undefined; lastKnownFileType = unknown; explicitFileType = undefined; includeInIndex = 0; };
		01070E966BA148A69EB4C9D2 /* Inter_28pt-BoldItalic.ttf */ = {isa = PBXFileReference; name = "Inter_28pt-BoldItalic.ttf"; path = "../assets/fonts/Inter_28pt-BoldItalic.ttf"; sourceTree = "<group>"; fileEncoding = undefined; lastKnownFileType = unknown; explicitFileType = undefined; includeInIndex = 0; };
		D836910425CF4145A0F333B2 /* Inter_28pt-ExtraBold.ttf */ = {isa = PBXFileReference; name = "Inter_28pt-ExtraBold.ttf"; path = "../assets/fonts/Inter_28pt-ExtraBold.ttf"; sourceTree = "<group>"; fileEncoding = undefined; lastKnownFileType = unknown; explicitFileType = undefined; includeInIndex = 0; };
		E509F02D844A4205AB6CD15E /* Inter_28pt-ExtraBoldItalic.ttf */ = {isa = PBXFileReference; name = "Inter_28pt-ExtraBoldItalic.ttf"; path = "../assets/fonts/Inter_28pt-ExtraBoldItalic.ttf"; sourceTree = "<group>"; fileEncoding = undefined; lastKnownFileType = unknown; explicitFileType = undefined; includeInIndex = 0; };
		B67DD570075C40EC95DE97D3 /* Inter_28pt-ExtraLight.ttf */ = {isa = PBXFileReference; name = "Inter_28pt-ExtraLight.ttf"; path = "../assets/fonts/Inter_28pt-ExtraLight.ttf"; sourceTree = "<group>"; fileEncoding = undefined; lastKnownFileType = unknown; explicitFileType = undefined; includeInIndex = 0; };
		5105266176E64219815423E0 /* Inter_28pt-ExtraLightItalic.ttf */ = {isa = PBXFileReference; name = "Inter_28pt-ExtraLightItalic.ttf"; path = "../assets/fonts/Inter_28pt-ExtraLightItalic.ttf"; sourceTree = "<group>"; fileEncoding = undefined; lastKnownFileType = unknown; explicitFileType = undefined; includeInIndex = 0; };
		04030A86041B4ACD9E4CEEB6 /* Inter_28pt-Italic.ttf */ = {isa = PBXFileReference; name = "Inter_28pt-Italic.ttf"; path = "../assets/fonts/Inter_28pt-Italic.ttf"; sourceTree = "<group>"; fileEncoding = undefined; lastKnownFileType = unknown; explicitFileType = undefined; includeInIndex = 0; };
		A8287BF6B511420FAA067BC2 /* Inter_28pt-Light.ttf */ = {isa = PBXFileReference; name = "Inter_28pt-Light.ttf"; path = "../assets/fonts/Inter_28pt-Light.ttf"; sourceTree = "<group>"; fileEncoding = undefined; lastKnownFileType = unknown; explicitFileType = undefined; includeInIndex = 0; };
		1FC088CBD0EB4FFC83620F99 /* Inter_28pt-LightItalic.ttf */ = {isa = PBXFileReference; name = "Inter_28pt-LightItalic.ttf"; path = "../assets/fonts/Inter_28pt-LightItalic.ttf"; sourceTree = "<group>"; fileEncoding = undefined; lastKnownFileType = unknown; explicitFileType = undefined; includeInIndex = 0; };
		FCD1AA584D2D4547A0743432 /* Inter_28pt-Medium.ttf */ = {isa = PBXFileReference; name = "Inter_28pt-Medium.ttf"; path = "../assets/fonts/Inter_28pt-Medium.ttf"; sourceTree = "<group>"; fileEncoding = undefined; lastKnownFileType = unknown; explicitFileType = undefined; includeInIndex = 0; };
		1C127C8C352B4300A44215BF /* Inter_28pt-MediumItalic.ttf */ = {isa = PBXFileReference; name = "Inter_28pt-MediumItalic.ttf"; path = "../assets/fonts/Inter_28pt-MediumItalic.ttf"; sourceTree = "<group>"; fileEncoding = undefined; lastKnownFileType = unknown; explicitFileType = undefined; includeInIndex = 0; };
		64172AF99B2A40F9A978B987 /* Inter_28pt-Regular.ttf */ = {isa = PBXFileReference; name = "Inter_28pt-Regular.ttf"; path = "../assets/fonts/Inter_28pt-Regular.ttf"; sourceTree = "<group>"; fileEncoding = undefined; lastKnownFileType = unknown; explicitFileType = undefined; includeInIndex = 0; };
		5EF70D45FDEE45E3A0A215D5 /* Inter_28pt-SemiBold.ttf */ = {isa = PBXFileReference; name = "Inter_28pt-SemiBold.ttf"; path = "../assets/fonts/Inter_28pt-SemiBold.ttf"; sourceTree = "<group>"; fileEncoding = undefined; lastKnownFileType = unknown; explicitFileType = undefined; includeInIndex = 0; };
		5785D26CA0C1406DA0DC6B23 /* Inter_28pt-SemiBoldItalic.ttf */ = {isa = PBXFileReference; name = "Inter_28pt-SemiBoldItalic.ttf"; path = "../assets/fonts/Inter_28pt-SemiBoldItalic.ttf"; sourceTree = "<group>"; fileEncoding = undefined; lastKnownFileType = unknown; explicitFileType = undefined; includeInIndex = 0; };
		56642766E70548FDA0EE49BB /* Inter_28pt-Thin.ttf */ = {isa = PBXFileReference; name = "Inter_28pt-Thin.ttf"; path = "../assets/fonts/Inter_28pt-Thin.ttf"; sourceTree = "<group>"; fileEncoding = undefined; lastKnownFileType = unknown; explicitFileType = undefined; includeInIndex = 0; };
		64B73D44AC804660BB5B9C7B /* Inter_28pt-ThinItalic.ttf */ = {isa = PBXFileReference; name = "Inter_28pt-ThinItalic.ttf"; path = "../assets/fonts/Inter_28pt-ThinItalic.ttf"; sourceTree = "<group>"; fileEncoding = undefined; lastKnownFileType = unknown; explicitFileType = undefined; includeInIndex = 0; };
/* End PBXFileReference section */

/* Begin PBXFrameworksBuildPhase section */
		00E356EB1AD99517003FC87E /* Frameworks */ = {
			isa = PBXFrameworksBuildPhase;
			buildActionMask = 2147483647;
			files = (
				7699B88040F8A987B510C191 /* libPods-SocialMedia-SocialMediaTests.a in Frameworks */,
			);
			runOnlyForDeploymentPostprocessing = 0;
		};
		13B07F8C1A680F5B00A75B9A /* Frameworks */ = {
			isa = PBXFrameworksBuildPhase;
			buildActionMask = 2147483647;
			files = (
				0C80B921A6F3F58F76C31292 /* libPods-SocialMedia.a in Frameworks */,
			);
			runOnlyForDeploymentPostprocessing = 0;
		};
/* End PBXFrameworksBuildPhase section */

/* Begin PBXGroup section */
		00E356EF1AD99517003FC87E /* SocialMediaTests */ = {
			isa = PBXGroup;
			children = (
				00E356F21AD99517003FC87E /* SocialMediaTests.m */,
				00E356F01AD99517003FC87E /* Supporting Files */,
			);
			path = SocialMediaTests;
			sourceTree = "<group>";
		};
		00E356F01AD99517003FC87E /* Supporting Files */ = {
			isa = PBXGroup;
			children = (
				00E356F11AD99517003FC87E /* Info.plist */,
			);
			name = "Supporting Files";
			sourceTree = "<group>";
		};
		13B07FAE1A68108700A75B9A /* SocialMedia */ = {
			isa = PBXGroup;
			children = (
				13B07FAF1A68108700A75B9A /* AppDelegate.h */,
				13B07FB01A68108700A75B9A /* AppDelegate.mm */,
				13B07FB51A68108700A75B9A /* Images.xcassets */,
				13B07FB61A68108700A75B9A /* Info.plist */,
				81AB9BB72411601600AC10FF /* LaunchScreen.storyboard */,
				13B07FB71A68108700A75B9A /* main.m */,
				13B07FB81A68108700A75B9A /* PrivacyInfo.xcprivacy */,
			);
			name = SocialMedia;
			sourceTree = "<group>";
		};
		2D16E6871FA4F8E400B85C8A /* Frameworks */ = {
			isa = PBXGroup;
			children = (
				ED297162215061F000B7C4FE /* JavaScriptCore.framework */,
				5DCACB8F33CDC322A6C60F78 /* libPods-SocialMedia.a */,
				19F6CBCC0A4E27FBF8BF4A61 /* libPods-SocialMedia-SocialMediaTests.a */,
			);
			name = Frameworks;
			sourceTree = "<group>";
		};
		832341AE1AAA6A7D00B99B32 /* Libraries */ = {
			isa = PBXGroup;
			children = (
			);
			name = Libraries;
			sourceTree = "<group>";
		};
		83CBB9F61A601CBA00E9B192 = {
			isa = PBXGroup;
			children = (
				13B07FAE1A68108700A75B9A /* SocialMedia */,
				832341AE1AAA6A7D00B99B32 /* Libraries */,
				00E356EF1AD99517003FC87E /* SocialMediaTests */,
				83CBBA001A601CBA00E9B192 /* Products */,
				2D16E6871FA4F8E400B85C8A /* Frameworks */,
				BBD78D7AC51CEA395F1C20DB /* Pods */,
				589737846C1F4325962CFF79 /* Resources */,
			);
			indentWidth = 2;
			sourceTree = "<group>";
			tabWidth = 2;
			usesTabs = 0;
		};
		83CBBA001A601CBA00E9B192 /* Products */ = {
			isa = PBXGroup;
			children = (
				13B07F961A680F5B00A75B9A /* SocialMedia.app */,
				00E356EE1AD99517003FC87E /* SocialMediaTests.xctest */,
			);
			name = Products;
			sourceTree = "<group>";
		};
		BBD78D7AC51CEA395F1C20DB /* Pods */ = {
			isa = PBXGroup;
			children = (
				3B4392A12AC88292D35C810B /* Pods-SocialMedia.debug.xcconfig */,
				5709B34CF0A7D63546082F79 /* Pods-SocialMedia.release.xcconfig */,
				5B7EB9410499542E8C5724F5 /* Pods-SocialMedia-SocialMediaTests.debug.xcconfig */,
				89C6BE57DB24E9ADA2F236DE /* Pods-SocialMedia-SocialMediaTests.release.xcconfig */,
			);
			path = Pods;
			sourceTree = "<group>";
		};
		589737846C1F4325962CFF79 /* Resources */ = {
			isa = "PBXGroup";
			children = (
				4854C11D5C3E40F29285B12F /* Inter_18pt-Black.ttf */,
				39B7A850D53D427AB4EDFBF4 /* Inter_18pt-BlackItalic.ttf */,
				6C427497CB49436291D45D00 /* Inter_18pt-Bold.ttf */,
				43F2BC1B1A384033BCF52B05 /* Inter_18pt-BoldItalic.ttf */,
				DEA051AC83C742618CBEBD58 /* Inter_18pt-ExtraBold.ttf */,
				59568131C15542B483BBC659 /* Inter_18pt-ExtraBoldItalic.ttf */,
				5044F710478546B99E04E79E /* Inter_18pt-ExtraLight.ttf */,
				3991DFB7384F4E41ADE53D0A /* Inter_18pt-ExtraLightItalic.ttf */,
				86479175728B46E0845B2B69 /* Inter_18pt-Italic.ttf */,
				7207087D09DF410BACA84BB8 /* Inter_18pt-Light.ttf */,
				E6306C10397E420B99BF70E3 /* Inter_18pt-LightItalic.ttf */,
				EEA1287C1A6A447E950DF0BF /* Inter_18pt-Medium.ttf */,
				37C74D3BC9C3460BBAB5AF16 /* Inter_18pt-MediumItalic.ttf */,
				89E6E53BF4A74D0B8818FF10 /* Inter_18pt-Regular.ttf */,
				DE88AEE0095D4D8E976630B2 /* Inter_18pt-SemiBold.ttf */,
				9C14DA91D37F4B1CA824DFAB /* Inter_18pt-SemiBoldItalic.ttf */,
				0BD1E3E7B1BF49C2AE3F71FF /* Inter_18pt-Thin.ttf */,
				28904A82A6EC4186B8D074D3 /* Inter_18pt-ThinItalic.ttf */,
				585E4BD092B9407BA581A8E4 /* Inter_24pt-Black.ttf */,
				F8F0773E7A1E41FBACDE9BC4 /* Inter_24pt-BlackItalic.ttf */,
				3FE6301600894A8E9C6F8D02 /* Inter_24pt-Bold.ttf */,
				18A2FFA2B5574D918A07BAC7 /* Inter_24pt-BoldItalic.ttf */,
				DB90151BF06F4CAFA316D011 /* Inter_24pt-ExtraBold.ttf */,
				91695A6227234924B1EEB052 /* Inter_24pt-ExtraBoldItalic.ttf */,
				F20388EEF69E4312A1CD2799 /* Inter_24pt-ExtraLight.ttf */,
				9CAD4415018942E28DD03EE2 /* Inter_24pt-ExtraLightItalic.ttf */,
				FEAD75D37BB249818AC5933D /* Inter_24pt-Italic.ttf */,
				D4E35CBD53F049B784292848 /* Inter_24pt-Light.ttf */,
				710866706E7044CBB06CC113 /* Inter_24pt-LightItalic.ttf */,
				A5C211CBDCB3443CB45A2F1F /* Inter_24pt-Medium.ttf */,
				59414681804A49A4B54560BD /* Inter_24pt-MediumItalic.ttf */,
				87707EFB9D1746209F2981A5 /* Inter_24pt-Regular.ttf */,
				188BB456AC2F4FACBD688B01 /* Inter_24pt-SemiBold.ttf */,
				442928A18443464AB3CE8DF3 /* Inter_24pt-SemiBoldItalic.ttf */,
				31D2F9D57CA84B0F8303DC18 /* Inter_24pt-Thin.ttf */,
				F0B8480871DE49DDA1E3B11E /* Inter_24pt-ThinItalic.ttf */,
				44DA7F08D10249588E4D5551 /* Inter_28pt-Black.ttf */,
				D9389B96F8C14E2184B7E34C /* Inter_28pt-BlackItalic.ttf */,
				AE0939BBEEDE4399854E5F2E /* Inter_28pt-Bold.ttf */,
				01070E966BA148A69EB4C9D2 /* Inter_28pt-BoldItalic.ttf */,
				D836910425CF4145A0F333B2 /* Inter_28pt-ExtraBold.ttf */,
				E509F02D844A4205AB6CD15E /* Inter_28pt-ExtraBoldItalic.ttf */,
				B67DD570075C40EC95DE97D3 /* Inter_28pt-ExtraLight.ttf */,
				5105266176E64219815423E0 /* Inter_28pt-ExtraLightItalic.ttf */,
				04030A86041B4ACD9E4CEEB6 /* Inter_28pt-Italic.ttf */,
				A8287BF6B511420FAA067BC2 /* Inter_28pt-Light.ttf */,
				1FC088CBD0EB4FFC83620F99 /* Inter_28pt-LightItalic.ttf */,
				FCD1AA584D2D4547A0743432 /* Inter_28pt-Medium.ttf */,
				1C127C8C352B4300A44215BF /* Inter_28pt-MediumItalic.ttf */,
				64172AF99B2A40F9A978B987 /* Inter_28pt-Regular.ttf */,
				5EF70D45FDEE45E3A0A215D5 /* Inter_28pt-SemiBold.ttf */,
				5785D26CA0C1406DA0DC6B23 /* Inter_28pt-SemiBoldItalic.ttf */,
				56642766E70548FDA0EE49BB /* Inter_28pt-Thin.ttf */,
				64B73D44AC804660BB5B9C7B /* Inter_28pt-ThinItalic.ttf */,
			);
			name = Resources;
			sourceTree = "<group>";
			path = "";
		};
/* End PBXGroup section */

/* Begin PBXNativeTarget section */
		00E356ED1AD99517003FC87E /* SocialMediaTests */ = {
			isa = PBXNativeTarget;
			buildConfigurationList = 00E357021AD99517003FC87E /* Build configuration list for PBXNativeTarget "SocialMediaTests" */;
			buildPhases = (
				A55EABD7B0C7F3A422A6CC61 /* [CP] Check Pods Manifest.lock */,
				00E356EA1AD99517003FC87E /* Sources */,
				00E356EB1AD99517003FC87E /* Frameworks */,
				00E356EC1AD99517003FC87E /* Resources */,
				C59DA0FBD6956966B86A3779 /* [CP] Embed Pods Frameworks */,
				F6A41C54EA430FDDC6A6ED99 /* [CP] Copy Pods Resources */,
			);
			buildRules = (
			);
			dependencies = (
				00E356F51AD99517003FC87E /* PBXTargetDependency */,
			);
			name = SocialMediaTests;
			productName = SocialMediaTests;
			productReference = 00E356EE1AD99517003FC87E /* SocialMediaTests.xctest */;
			productType = "com.apple.product-type.bundle.unit-test";
		};
		13B07F861A680F5B00A75B9A /* SocialMedia */ = {
			isa = PBXNativeTarget;
			buildConfigurationList = 13B07F931A680F5B00A75B9A /* Build configuration list for PBXNativeTarget "SocialMedia" */;
			buildPhases = (
				C38B50BA6285516D6DCD4F65 /* [CP] Check Pods Manifest.lock */,
				13B07F871A680F5B00A75B9A /* Sources */,
				13B07F8C1A680F5B00A75B9A /* Frameworks */,
				13B07F8E1A680F5B00A75B9A /* Resources */,
				00DD1BFF1BD5951E006B06BC /* Bundle React Native code and images */,
				00EEFC60759A1932668264C0 /* [CP] Embed Pods Frameworks */,
				E235C05ADACE081382539298 /* [CP] Copy Pods Resources */,
			);
			buildRules = (
			);
			dependencies = (
			);
			name = SocialMedia;
			productName = SocialMedia;
			productReference = 13B07F961A680F5B00A75B9A /* SocialMedia.app */;
			productType = "com.apple.product-type.application";
		};
/* End PBXNativeTarget section */

/* Begin PBXProject section */
		83CBB9F71A601CBA00E9B192 /* Project object */ = {
			isa = PBXProject;
			attributes = {
				LastUpgradeCheck = 1210;
				TargetAttributes = {
					00E356ED1AD99517003FC87E = {
						CreatedOnToolsVersion = 6.2;
						TestTargetID = 13B07F861A680F5B00A75B9A;
					};
					13B07F861A680F5B00A75B9A = {
						LastSwiftMigration = 1120;
					};
				};
			};
			buildConfigurationList = 83CBB9FA1A601CBA00E9B192 /* Build configuration list for PBXProject "SocialMedia" */;
			compatibilityVersion = "Xcode 12.0";
			developmentRegion = en;
			hasScannedForEncodings = 0;
			knownRegions = (
				en,
				Base,
			);
			mainGroup = 83CBB9F61A601CBA00E9B192;
			productRefGroup = 83CBBA001A601CBA00E9B192 /* Products */;
			projectDirPath = "";
			projectRoot = "";
			targets = (
				13B07F861A680F5B00A75B9A /* SocialMedia */,
				00E356ED1AD99517003FC87E /* SocialMediaTests */,
			);
		};
/* End PBXProject section */

/* Begin PBXResourcesBuildPhase section */
		00E356EC1AD99517003FC87E /* Resources */ = {
			isa = PBXResourcesBuildPhase;
			buildActionMask = 2147483647;
			files = (
			);
			runOnlyForDeploymentPostprocessing = 0;
		};
		13B07F8E1A680F5B00A75B9A /* Resources */ = {
			isa = PBXResourcesBuildPhase;
			buildActionMask = 2147483647;
			files = (
				81AB9BB82411601600AC10FF /* LaunchScreen.storyboard in Resources */,
				13B07FBF1A68108700A75B9A /* Images.xcassets in Resources */,
				310B75FA93C148659C018CA2 /* Inter_18pt-Black.ttf in Resources */,
				28B713E84198493BB4D434E7 /* Inter_18pt-BlackItalic.ttf in Resources */,
				80AD409C218A4FE1ABAA5B24 /* Inter_18pt-Bold.ttf in Resources */,
				5233EB3706A5405A95B7F35C /* Inter_18pt-BoldItalic.ttf in Resources */,
				20478923716A4B2E9A7E8DFB /* Inter_18pt-ExtraBold.ttf in Resources */,
				75556EE71EDA4AE89F1FDAD9 /* Inter_18pt-ExtraBoldItalic.ttf in Resources */,
				A585C8765C7643D1BF474DFD /* Inter_18pt-ExtraLight.ttf in Resources */,
				FA4BA183C0894F38BB3365CC /* Inter_18pt-ExtraLightItalic.ttf in Resources */,
				67D781283AB04CE5A1049563 /* Inter_18pt-Italic.ttf in Resources */,
				F34E03677BF94892824B2A1A /* Inter_18pt-Light.ttf in Resources */,
				0728D0D0841643B791BA534A /* Inter_18pt-LightItalic.ttf in Resources */,
				5DCB60CDF6264B5CBB0A67C1 /* Inter_18pt-Medium.ttf in Resources */,
				809E411B0A9C4D1A9C5D1B33 /* Inter_18pt-MediumItalic.ttf in Resources */,
				36544D0D675541FF8CF5122B /* Inter_18pt-Regular.ttf in Resources */,
				B9D1146865DD4953AAC574A2 /* Inter_18pt-SemiBold.ttf in Resources */,
				CDD52C775FC34C0E9DA49B57 /* Inter_18pt-SemiBoldItalic.ttf in Resources */,
				9A865FBD3F204BF1B3271305 /* Inter_18pt-Thin.ttf in Resources */,
				6CF85D2B1CBD41C2ACE23586 /* Inter_18pt-ThinItalic.ttf in Resources */,
				0F83F1F25E8B43A6B5705F55 /* Inter_24pt-Black.ttf in Resources */,
				0CB4BBAADBAC47A58A1D626E /* Inter_24pt-BlackItalic.ttf in Resources */,
				A4AA2483D5174A09BE273EA4 /* Inter_24pt-Bold.ttf in Resources */,
				0AB11E44465E47778579C32C /* Inter_24pt-BoldItalic.ttf in Resources */,
				6FCE8741B3B94550AACBE5B8 /* Inter_24pt-ExtraBold.ttf in Resources */,
				679E5DE48BCB424397B7F4C7 /* Inter_24pt-ExtraBoldItalic.ttf in Resources */,
				68C9938BD96A46159ECD6CC0 /* Inter_24pt-ExtraLight.ttf in Resources */,
				CC5FE66AC97E40C5A1A300B7 /* Inter_24pt-ExtraLightItalic.ttf in Resources */,
				5A97D650BFEF40C088E1C985 /* Inter_24pt-Italic.ttf in Resources */,
				A0FBDE8BED19478CB17EE9FE /* Inter_24pt-Light.ttf in Resources */,
				BA5B994F345643A2AAAEE340 /* Inter_24pt-LightItalic.ttf in Resources */,
				3B68D8A4FC9C4742AE4F315A /* Inter_24pt-Medium.ttf in Resources */,
				459E0BA374614030B2F8DBC1 /* Inter_24pt-MediumItalic.ttf in Resources */,
				7F5A2D5691594D7AA9767229 /* Inter_24pt-Regular.ttf in Resources */,
				71E516385826450CACFAFFE6 /* Inter_24pt-SemiBold.ttf in Resources */,
				8E824AF0A2684789AC3F7FA5 /* Inter_24pt-SemiBoldItalic.ttf in Resources */,
				2583E46345584618A57244DC /* Inter_24pt-Thin.ttf in Resources */,
				E6559B5C830E49FD91B224F5 /* Inter_24pt-ThinItalic.ttf in Resources */,
				22C2CF91C56347818356DCBB /* Inter_28pt-Black.ttf in Resources */,
				B955BE17DEB441E4B7D34967 /* Inter_28pt-BlackItalic.ttf in Resources */,
				D1136797C3F84ED888B0E4D0 /* Inter_28pt-Bold.ttf in Resources */,
				658D8F18E238443499379994 /* Inter_28pt-BoldItalic.ttf in Resources */,
				5A268DF0BAC34103A412C0B2 /* Inter_28pt-ExtraBold.ttf in Resources */,
				36745977575844B598FCEF28 /* Inter_28pt-ExtraBoldItalic.ttf in Resources */,
				B6ED4AF751F244598F1DE70B /* Inter_28pt-ExtraLight.ttf in Resources */,
				1E74528F7CB344F2B051C154 /* Inter_28pt-ExtraLightItalic.ttf in Resources */,
				B3E3591912644911ADE814D2 /* Inter_28pt-Italic.ttf in Resources */,
				22D634463F064319B98E07B1 /* Inter_28pt-Light.ttf in Resources */,
				7854BDD5CDC74DCF95C3FB0B /* Inter_28pt-LightItalic.ttf in Resources */,
				B966C17A03C14E4FAB21C6F9 /* Inter_28pt-Medium.ttf in Resources */,
				75582723D87743FDB3627BB9 /* Inter_28pt-MediumItalic.ttf in Resources */,
				D22CBAFDA5C248B7AFFC476A /* Inter_28pt-Regular.ttf in Resources */,
				BF874A333F514C68BD3339A6 /* Inter_28pt-SemiBold.ttf in Resources */,
				070354B139504438BCF7A9F5 /* Inter_28pt-SemiBoldItalic.ttf in Resources */,
				837EDFE0BF6F4078815C42F5 /* Inter_28pt-Thin.ttf in Resources */,
				655F4CF9794A4871BAD126FC /* Inter_28pt-ThinItalic.ttf in Resources */,
			);
			runOnlyForDeploymentPostprocessing = 0;
		};
/* End PBXResourcesBuildPhase section */

/* Begin PBXShellScriptBuildPhase section */
		00DD1BFF1BD5951E006B06BC /* Bundle React Native code and images */ = {
			isa = PBXShellScriptBuildPhase;
			buildActionMask = 2147483647;
			files = (
			);
			inputPaths = (
				"$(SRCROOT)/.xcode.env.local",
				"$(SRCROOT)/.xcode.env",
			);
			name = "Bundle React Native code and images";
			outputPaths = (
			);
			runOnlyForDeploymentPostprocessing = 0;
			shellPath = /bin/sh;
			shellScript = "set -e\n\nWITH_ENVIRONMENT=\"$REACT_NATIVE_PATH/scripts/xcode/with-environment.sh\"\nREACT_NATIVE_XCODE=\"$REACT_NATIVE_PATH/scripts/react-native-xcode.sh\"\n\n/bin/sh -c \"$WITH_ENVIRONMENT $REACT_NATIVE_XCODE\"\n";
		};
		00EEFC60759A1932668264C0 /* [CP] Embed Pods Frameworks */ = {
			isa = PBXShellScriptBuildPhase;
			buildActionMask = 2147483647;
			files = (
			);
			inputFileListPaths = (
				"${PODS_ROOT}/Target Support Files/Pods-SocialMedia/Pods-SocialMedia-frameworks-${CONFIGURATION}-input-files.xcfilelist",
			);
			name = "[CP] Embed Pods Frameworks";
			outputFileListPaths = (
				"${PODS_ROOT}/Target Support Files/Pods-SocialMedia/Pods-SocialMedia-frameworks-${CONFIGURATION}-output-files.xcfilelist",
			);
			runOnlyForDeploymentPostprocessing = 0;
			shellPath = /bin/sh;
			shellScript = "\"${PODS_ROOT}/Target Support Files/Pods-SocialMedia/Pods-SocialMedia-frameworks.sh\"\n";
			showEnvVarsInLog = 0;
		};
		A55EABD7B0C7F3A422A6CC61 /* [CP] Check Pods Manifest.lock */ = {
			isa = PBXShellScriptBuildPhase;
			buildActionMask = 2147483647;
			files = (
			);
			inputFileListPaths = (
			);
			inputPaths = (
				"${PODS_PODFILE_DIR_PATH}/Podfile.lock",
				"${PODS_ROOT}/Manifest.lock",
			);
			name = "[CP] Check Pods Manifest.lock";
			outputFileListPaths = (
			);
			outputPaths = (
				"$(DERIVED_FILE_DIR)/Pods-SocialMedia-SocialMediaTests-checkManifestLockResult.txt",
			);
			runOnlyForDeploymentPostprocessing = 0;
			shellPath = /bin/sh;
			shellScript = "diff \"${PODS_PODFILE_DIR_PATH}/Podfile.lock\" \"${PODS_ROOT}/Manifest.lock\" > /dev/null\nif [ $? != 0 ] ; then\n    # print error to STDERR\n    echo \"error: The sandbox is not in sync with the Podfile.lock. Run 'pod install' or update your CocoaPods installation.\" >&2\n    exit 1\nfi\n# This output is used by Xcode 'outputs' to avoid re-running this script phase.\necho \"SUCCESS\" > \"${SCRIPT_OUTPUT_FILE_0}\"\n";
			showEnvVarsInLog = 0;
		};
		C38B50BA6285516D6DCD4F65 /* [CP] Check Pods Manifest.lock */ = {
			isa = PBXShellScriptBuildPhase;
			buildActionMask = 2147483647;
			files = (
			);
			inputFileListPaths = (
			);
			inputPaths = (
				"${PODS_PODFILE_DIR_PATH}/Podfile.lock",
				"${PODS_ROOT}/Manifest.lock",
			);
			name = "[CP] Check Pods Manifest.lock";
			outputFileListPaths = (
			);
			outputPaths = (
				"$(DERIVED_FILE_DIR)/Pods-SocialMedia-checkManifestLockResult.txt",
			);
			runOnlyForDeploymentPostprocessing = 0;
			shellPath = /bin/sh;
			shellScript = "diff \"${PODS_PODFILE_DIR_PATH}/Podfile.lock\" \"${PODS_ROOT}/Manifest.lock\" > /dev/null\nif [ $? != 0 ] ; then\n    # print error to STDERR\n    echo \"error: The sandbox is not in sync with the Podfile.lock. Run 'pod install' or update your CocoaPods installation.\" >&2\n    exit 1\nfi\n# This output is used by Xcode 'outputs' to avoid re-running this script phase.\necho \"SUCCESS\" > \"${SCRIPT_OUTPUT_FILE_0}\"\n";
			showEnvVarsInLog = 0;
		};
		C59DA0FBD6956966B86A3779 /* [CP] Embed Pods Frameworks */ = {
			isa = PBXShellScriptBuildPhase;
			buildActionMask = 2147483647;
			files = (
			);
			inputFileListPaths = (
				"${PODS_ROOT}/Target Support Files/Pods-SocialMedia-SocialMediaTests/Pods-SocialMedia-SocialMediaTests-frameworks-${CONFIGURATION}-input-files.xcfilelist",
			);
			name = "[CP] Embed Pods Frameworks";
			outputFileListPaths = (
				"${PODS_ROOT}/Target Support Files/Pods-SocialMedia-SocialMediaTests/Pods-SocialMedia-SocialMediaTests-frameworks-${CONFIGURATION}-output-files.xcfilelist",
			);
			runOnlyForDeploymentPostprocessing = 0;
			shellPath = /bin/sh;
			shellScript = "\"${PODS_ROOT}/Target Support Files/Pods-SocialMedia-SocialMediaTests/Pods-SocialMedia-SocialMediaTests-frameworks.sh\"\n";
			showEnvVarsInLog = 0;
		};
		E235C05ADACE081382539298 /* [CP] Copy Pods Resources */ = {
			isa = PBXShellScriptBuildPhase;
			buildActionMask = 2147483647;
			files = (
			);
			inputFileListPaths = (
				"${PODS_ROOT}/Target Support Files/Pods-SocialMedia/Pods-SocialMedia-resources-${CONFIGURATION}-input-files.xcfilelist",
			);
			name = "[CP] Copy Pods Resources";
			outputFileListPaths = (
				"${PODS_ROOT}/Target Support Files/Pods-SocialMedia/Pods-SocialMedia-resources-${CONFIGURATION}-output-files.xcfilelist",
			);
			runOnlyForDeploymentPostprocessing = 0;
			shellPath = /bin/sh;
			shellScript = "\"${PODS_ROOT}/Target Support Files/Pods-SocialMedia/Pods-SocialMedia-resources.sh\"\n";
			showEnvVarsInLog = 0;
		};
		F6A41C54EA430FDDC6A6ED99 /* [CP] Copy Pods Resources */ = {
			isa = PBXShellScriptBuildPhase;
			buildActionMask = 2147483647;
			files = (
			);
			inputFileListPaths = (
				"${PODS_ROOT}/Target Support Files/Pods-SocialMedia-SocialMediaTests/Pods-SocialMedia-SocialMediaTests-resources-${CONFIGURATION}-input-files.xcfilelist",
			);
			name = "[CP] Copy Pods Resources";
			outputFileListPaths = (
				"${PODS_ROOT}/Target Support Files/Pods-SocialMedia-SocialMediaTests/Pods-SocialMedia-SocialMediaTests-resources-${CONFIGURATION}-output-files.xcfilelist",
			);
			runOnlyForDeploymentPostprocessing = 0;
			shellPath = /bin/sh;
			shellScript = "\"${PODS_ROOT}/Target Support Files/Pods-SocialMedia-SocialMediaTests/Pods-SocialMedia-SocialMediaTests-resources.sh\"\n";
			showEnvVarsInLog = 0;
		};
/* End PBXShellScriptBuildPhase section */

/* Begin PBXSourcesBuildPhase section */
		00E356EA1AD99517003FC87E /* Sources */ = {
			isa = PBXSourcesBuildPhase;
			buildActionMask = 2147483647;
			files = (
				00E356F31AD99517003FC87E /* SocialMediaTests.m in Sources */,
			);
			runOnlyForDeploymentPostprocessing = 0;
		};
		13B07F871A680F5B00A75B9A /* Sources */ = {
			isa = PBXSourcesBuildPhase;
			buildActionMask = 2147483647;
			files = (
				13B07FBC1A68108700A75B9A /* AppDelegate.mm in Sources */,
				13B07FC11A68108700A75B9A /* main.m in Sources */,
			);
			runOnlyForDeploymentPostprocessing = 0;
		};
/* End PBXSourcesBuildPhase section */

/* Begin PBXTargetDependency section */
		00E356F51AD99517003FC87E /* PBXTargetDependency */ = {
			isa = PBXTargetDependency;
			target = 13B07F861A680F5B00A75B9A /* SocialMedia */;
			targetProxy = 00E356F41AD99517003FC87E /* PBXContainerItemProxy */;
		};
/* End PBXTargetDependency section */

/* Begin XCBuildConfiguration section */
		00E356F61AD99517003FC87E /* Debug */ = {
			isa = XCBuildConfiguration;
			baseConfigurationReference = 5B7EB9410499542E8C5724F5 /* Pods-SocialMedia-SocialMediaTests.debug.xcconfig */;
			buildSettings = {
				BUNDLE_LOADER = "$(TEST_HOST)";
				GCC_PREPROCESSOR_DEFINITIONS = (
					"DEBUG=1",
					"$(inherited)",
				);
				INFOPLIST_FILE = SocialMediaTests/Info.plist;
				IPHONEOS_DEPLOYMENT_TARGET = 13.4;
				LD_RUNPATH_SEARCH_PATHS = (
					"$(inherited)",
					"@executable_path/Frameworks",
					"@loader_path/Frameworks",
				);
				OTHER_LDFLAGS = (
					"-ObjC",
					"-lc++",
					"$(inherited)",
				);
				PRODUCT_BUNDLE_IDENTIFIER = "org.reactjs.native.example.$(PRODUCT_NAME:rfc1034identifier)";
				PRODUCT_NAME = "$(TARGET_NAME)";
				TEST_HOST = "$(BUILT_PRODUCTS_DIR)/SocialMedia.app/SocialMedia";
			};
			name = Debug;
		};
		00E356F71AD99517003FC87E /* Release */ = {
			isa = XCBuildConfiguration;
			baseConfigurationReference = 89C6BE57DB24E9ADA2F236DE /* Pods-SocialMedia-SocialMediaTests.release.xcconfig */;
			buildSettings = {
				BUNDLE_LOADER = "$(TEST_HOST)";
				COPY_PHASE_STRIP = NO;
				INFOPLIST_FILE = SocialMediaTests/Info.plist;
				IPHONEOS_DEPLOYMENT_TARGET = 13.4;
				LD_RUNPATH_SEARCH_PATHS = (
					"$(inherited)",
					"@executable_path/Frameworks",
					"@loader_path/Frameworks",
				);
				OTHER_LDFLAGS = (
					"-ObjC",
					"-lc++",
					"$(inherited)",
				);
				PRODUCT_BUNDLE_IDENTIFIER = "org.reactjs.native.example.$(PRODUCT_NAME:rfc1034identifier)";
				PRODUCT_NAME = "$(TARGET_NAME)";
				TEST_HOST = "$(BUILT_PRODUCTS_DIR)/SocialMedia.app/SocialMedia";
			};
			name = Release;
		};
		13B07F941A680F5B00A75B9A /* Debug */ = {
			isa = XCBuildConfiguration;
			baseConfigurationReference = 3B4392A12AC88292D35C810B /* Pods-SocialMedia.debug.xcconfig */;
			buildSettings = {
				ASSETCATALOG_COMPILER_APPICON_NAME = AppIcon;
				CLANG_ENABLE_MODULES = YES;
				CURRENT_PROJECT_VERSION = 1;
				ENABLE_BITCODE = NO;
				INFOPLIST_FILE = SocialMedia/Info.plist;
				LD_RUNPATH_SEARCH_PATHS = (
					"$(inherited)",
					"@executable_path/Frameworks",
				);
				MARKETING_VERSION = 1.0;
				OTHER_LDFLAGS = (
					"$(inherited)",
					"-ObjC",
					"-lc++",
				);
				PRODUCT_BUNDLE_IDENTIFIER = "org.reactjs.native.example.$(PRODUCT_NAME:rfc1034identifier)";
				PRODUCT_NAME = SocialMedia;
				SWIFT_OPTIMIZATION_LEVEL = "-Onone";
				SWIFT_VERSION = 5.0;
				VERSIONING_SYSTEM = "apple-generic";
			};
			name = Debug;
		};
		13B07F951A680F5B00A75B9A /* Release */ = {
			isa = XCBuildConfiguration;
			baseConfigurationReference = 5709B34CF0A7D63546082F79 /* Pods-SocialMedia.release.xcconfig */;
			buildSettings = {
				ASSETCATALOG_COMPILER_APPICON_NAME = AppIcon;
				CLANG_ENABLE_MODULES = YES;
				CURRENT_PROJECT_VERSION = 1;
				INFOPLIST_FILE = SocialMedia/Info.plist;
				LD_RUNPATH_SEARCH_PATHS = (
					"$(inherited)",
					"@executable_path/Frameworks",
				);
				MARKETING_VERSION = 1.0;
				OTHER_LDFLAGS = (
					"$(inherited)",
					"-ObjC",
					"-lc++",
				);
				PRODUCT_BUNDLE_IDENTIFIER = "org.reactjs.native.example.$(PRODUCT_NAME:rfc1034identifier)";
				PRODUCT_NAME = SocialMedia;
				SWIFT_VERSION = 5.0;
				VERSIONING_SYSTEM = "apple-generic";
			};
			name = Release;
		};
		83CBBA201A601CBA00E9B192 /* Debug */ = {
			isa = XCBuildConfiguration;
			buildSettings = {
				ALWAYS_SEARCH_USER_PATHS = NO;
				CLANG_ANALYZER_LOCALIZABILITY_NONLOCALIZED = YES;
				CLANG_CXX_LANGUAGE_STANDARD = "c++20";
				CLANG_CXX_LIBRARY = "libc++";
				CLANG_ENABLE_MODULES = YES;
				CLANG_ENABLE_OBJC_ARC = YES;
				CLANG_WARN_BLOCK_CAPTURE_AUTORELEASING = YES;
				CLANG_WARN_BOOL_CONVERSION = YES;
				CLANG_WARN_COMMA = YES;
				CLANG_WARN_CONSTANT_CONVERSION = YES;
				CLANG_WARN_DEPRECATED_OBJC_IMPLEMENTATIONS = YES;
				CLANG_WARN_DIRECT_OBJC_ISA_USAGE = YES_ERROR;
				CLANG_WARN_EMPTY_BODY = YES;
				CLANG_WARN_ENUM_CONVERSION = YES;
				CLANG_WARN_INFINITE_RECURSION = YES;
				CLANG_WARN_INT_CONVERSION = YES;
				CLANG_WARN_NON_LITERAL_NULL_CONVERSION = YES;
				CLANG_WARN_OBJC_IMPLICIT_RETAIN_SELF = YES;
				CLANG_WARN_OBJC_LITERAL_CONVERSION = YES;
				CLANG_WARN_OBJC_ROOT_CLASS = YES_ERROR;
				CLANG_WARN_QUOTED_INCLUDE_IN_FRAMEWORK_HEADER = YES;
				CLANG_WARN_RANGE_LOOP_ANALYSIS = YES;
				CLANG_WARN_STRICT_PROTOTYPES = YES;
				CLANG_WARN_SUSPICIOUS_MOVE = YES;
				CLANG_WARN_UNREACHABLE_CODE = YES;
				CLANG_WARN__DUPLICATE_METHOD_MATCH = YES;
				"CODE_SIGN_IDENTITY[sdk=iphoneos*]" = "iPhone Developer";
				COPY_PHASE_STRIP = NO;
				ENABLE_STRICT_OBJC_MSGSEND = YES;
				ENABLE_TESTABILITY = YES;
				"EXCLUDED_ARCHS[sdk=iphonesimulator*]" = "";
				GCC_C_LANGUAGE_STANDARD = gnu99;
				GCC_DYNAMIC_NO_PIC = NO;
				GCC_NO_COMMON_BLOCKS = YES;
				GCC_OPTIMIZATION_LEVEL = 0;
				GCC_PREPROCESSOR_DEFINITIONS = (
					"DEBUG=1",
					"$(inherited)",
				);
				GCC_SYMBOLS_PRIVATE_EXTERN = NO;
				GCC_WARN_64_TO_32_BIT_CONVERSION = YES;
				GCC_WARN_ABOUT_RETURN_TYPE = YES_ERROR;
				GCC_WARN_UNDECLARED_SELECTOR = YES;
				GCC_WARN_UNINITIALIZED_AUTOS = YES_AGGRESSIVE;
				GCC_WARN_UNUSED_FUNCTION = YES;
				GCC_WARN_UNUSED_VARIABLE = YES;
				IPHONEOS_DEPLOYMENT_TARGET = 13.4;
				LD_RUNPATH_SEARCH_PATHS = (
					/usr/lib/swift,
					"$(inherited)",
				);
				LIBRARY_SEARCH_PATHS = (
					"\"$(SDKROOT)/usr/lib/swift\"",
					"\"$(TOOLCHAIN_DIR)/usr/lib/swift/$(PLATFORM_NAME)\"",
					"\"$(inherited)\"",
				);
				MTL_ENABLE_DEBUG_INFO = YES;
				ONLY_ACTIVE_ARCH = YES;
				OTHER_CPLUSPLUSFLAGS = (
					"$(OTHER_CFLAGS)",
					"-DFOLLY_NO_CONFIG",
					"-DFOLLY_MOBILE=1",
					"-DFOLLY_USE_LIBCPP=1",
					"-DFOLLY_CFG_NO_COROUTINES=1",
					"-DFOLLY_HAVE_CLOCK_GETTIME=1",
				);
				SDKROOT = iphoneos;
			};
			name = Debug;
		};
		83CBBA211A601CBA00E9B192 /* Release */ = {
			isa = XCBuildConfiguration;
			buildSettings = {
				ALWAYS_SEARCH_USER_PATHS = NO;
				CLANG_ANALYZER_LOCALIZABILITY_NONLOCALIZED = YES;
				CLANG_CXX_LANGUAGE_STANDARD = "c++20";
				CLANG_CXX_LIBRARY = "libc++";
				CLANG_ENABLE_MODULES = YES;
				CLANG_ENABLE_OBJC_ARC = YES;
				CLANG_WARN_BLOCK_CAPTURE_AUTORELEASING = YES;
				CLANG_WARN_BOOL_CONVERSION = YES;
				CLANG_WARN_COMMA = YES;
				CLANG_WARN_CONSTANT_CONVERSION = YES;
				CLANG_WARN_DEPRECATED_OBJC_IMPLEMENTATIONS = YES;
				CLANG_WARN_DIRECT_OBJC_ISA_USAGE = YES_ERROR;
				CLANG_WARN_EMPTY_BODY = YES;
				CLANG_WARN_ENUM_CONVERSION = YES;
				CLANG_WARN_INFINITE_RECURSION = YES;
				CLANG_WARN_INT_CONVERSION = YES;
				CLANG_WARN_NON_LITERAL_NULL_CONVERSION = YES;
				CLANG_WARN_OBJC_IMPLICIT_RETAIN_SELF = YES;
				CLANG_WARN_OBJC_LITERAL_CONVERSION = YES;
				CLANG_WARN_OBJC_ROOT_CLASS = YES_ERROR;
				CLANG_WARN_QUOTED_INCLUDE_IN_FRAMEWORK_HEADER = YES;
				CLANG_WARN_RANGE_LOOP_ANALYSIS = YES;
				CLANG_WARN_STRICT_PROTOTYPES = YES;
				CLANG_WARN_SUSPICIOUS_MOVE = YES;
				CLANG_WARN_UNREACHABLE_CODE = YES;
				CLANG_WARN__DUPLICATE_METHOD_MATCH = YES;
				"CODE_SIGN_IDENTITY[sdk=iphoneos*]" = "iPhone Developer";
				COPY_PHASE_STRIP = YES;
				ENABLE_NS_ASSERTIONS = NO;
				ENABLE_STRICT_OBJC_MSGSEND = YES;
				"EXCLUDED_ARCHS[sdk=iphonesimulator*]" = "";
				GCC_C_LANGUAGE_STANDARD = gnu99;
				GCC_NO_COMMON_BLOCKS = YES;
				GCC_WARN_64_TO_32_BIT_CONVERSION = YES;
				GCC_WARN_ABOUT_RETURN_TYPE = YES_ERROR;
				GCC_WARN_UNDECLARED_SELECTOR = YES;
				GCC_WARN_UNINITIALIZED_AUTOS = YES_AGGRESSIVE;
				GCC_WARN_UNUSED_FUNCTION = YES;
				GCC_WARN_UNUSED_VARIABLE = YES;
				IPHONEOS_DEPLOYMENT_TARGET = 13.4;
				LD_RUNPATH_SEARCH_PATHS = (
					/usr/lib/swift,
					"$(inherited)",
				);
				LIBRARY_SEARCH_PATHS = (
					"\"$(SDKROOT)/usr/lib/swift\"",
					"\"$(TOOLCHAIN_DIR)/usr/lib/swift/$(PLATFORM_NAME)\"",
					"\"$(inherited)\"",
				);
				MTL_ENABLE_DEBUG_INFO = NO;
				OTHER_CPLUSPLUSFLAGS = (
					"$(OTHER_CFLAGS)",
					"-DFOLLY_NO_CONFIG",
					"-DFOLLY_MOBILE=1",
					"-DFOLLY_USE_LIBCPP=1",
					"-DFOLLY_CFG_NO_COROUTINES=1",
					"-DFOLLY_HAVE_CLOCK_GETTIME=1",
				);
				SDKROOT = iphoneos;
				VALIDATE_PRODUCT = YES;
			};
			name = Release;
		};
/* End XCBuildConfiguration section */

/* Begin XCConfigurationList section */
		00E357021AD99517003FC87E /* Build configuration list for PBXNativeTarget "SocialMediaTests" */ = {
			isa = XCConfigurationList;
			buildConfigurations = (
				00E356F61AD99517003FC87E /* Debug */,
				00E356F71AD99517003FC87E /* Release */,
			);
			defaultConfigurationIsVisible = 0;
			defaultConfigurationName = Release;
		};
		13B07F931A680F5B00A75B9A /* Build configuration list for PBXNativeTarget "SocialMedia" */ = {
			isa = XCConfigurationList;
			buildConfigurations = (
				13B07F941A680F5B00A75B9A /* Debug */,
				13B07F951A680F5B00A75B9A /* Release */,
			);
			defaultConfigurationIsVisible = 0;
			defaultConfigurationName = Release;
		};
		83CBB9FA1A601CBA00E9B192 /* Build configuration list for PBXProject "SocialMedia" */ = {
			isa = XCConfigurationList;
			buildConfigurations = (
				83CBBA201A601CBA00E9B192 /* Debug */,
				83CBBA211A601CBA00E9B192 /* Release */,
			);
			defaultConfigurationIsVisible = 0;
			defaultConfigurationName = Release;
		};
/* End XCConfigurationList section */
	};
	rootObject = 83CBB9F71A601CBA00E9B192 /* Project object */;
}
